
Microsoft Visual Studio Solution File, Format Version 12.00
# Visual Studio 14
VisualStudioVersion = 14.0.25420.1
MinimumVisualStudioVersion = 10.0.40219.1
Project("{FAE04EC0-301F-11D3-BF4B-00C04F79EFBC}") = "ExcelAnalyzer", "ExcelAnalyzer\ExcelAnalyzer.csproj", "{09A98EE0-898E-4498-BE4B-0239437A28E6}"
EndProject
Project("{FAE04EC0-301F-11D3-BF4B-00C04F79EFBC}") = "ArmDataOLEDBProvider", "ArmDataOLEDBProvider\ArmDataOLEDBProvider.csproj", "{A661503B-6BC2-48ED-B9FC-8EB9794E2ACA}"
EndProject
Project("{FAE04EC0-301F-11D3-BF4B-00C04F79EFBC}") = "VBA ADO Client", "VBA ADO Client\VBA ADO Client.csproj", "{191A4BBA-FAD9-44F8-9648-A0B1F51D91EB}"
EndProject
Project("{F184B08F-C81C-45F6-A57F-5ABD9991F28F}") = "TestControls", "TestControls\TestControls.vbproj", "{FFE117B2-F338-4874-B1CC-97227C6EE174}"
EndProject
Project("{FAE04EC0-301F-11D3-BF4B-00C04F79EFBC}") = "UnitTestExcelAnalyzer", "UnitTestExcelAnalyzer\UnitTestExcelAnalyzer.csproj", "{8E1CD672-D4C2-48B4-9691-B381385B7432}"
EndProject
Project("{FAE04EC0-301F-11D3-BF4B-00C04F79EFBC}") = "ExpressionsLibrary", "..\ExpressionsLibrary\ExpressionsLibrary\ExpressionsLibrary.csproj", "{6250E71D-68EE-40C9-991D-CBBFBA48B222}"
EndProject
Global
	GlobalSection(SolutionConfigurationPlatforms) = preSolution
		CD_ROM|Any CPU = CD_ROM|Any CPU
		Debug|Any CPU = Debug|Any CPU
		DVD-5|Any CPU = DVD-5|Any CPU
		Release|Any CPU = Release|Any CPU
		SingleImage|Any CPU = SingleImage|Any CPU
	EndGlobalSection
	GlobalSection(ProjectConfigurationPlatforms) = postSolution
		{09A98EE0-898E-4498-BE4B-0239437A28E6}.CD_ROM|Any CPU.ActiveCfg = Release|Any CPU
		{09A98EE0-898E-4498-BE4B-0239437A28E6}.CD_ROM|Any CPU.Build.0 = Release|Any CPU
		{09A98EE0-898E-4498-BE4B-0239437A28E6}.Debug|Any CPU.ActiveCfg = Debug|Any CPU
		{09A98EE0-898E-4498-BE4B-0239437A28E6}.Debug|Any CPU.Build.0 = Debug|Any CPU
		{09A98EE0-898E-4498-BE4B-0239437A28E6}.DVD-5|Any CPU.ActiveCfg = Debug|Any CPU
		{09A98EE0-898E-4498-BE4B-0239437A28E6}.DVD-5|Any CPU.Build.0 = Debug|Any CPU
		{09A98EE0-898E-4498-BE4B-0239437A28E6}.Release|Any CPU.ActiveCfg = Release|Any CPU
		{09A98EE0-898E-4498-BE4B-0239437A28E6}.Release|Any CPU.Build.0 = Release|Any CPU
		{09A98EE0-898E-4498-BE4B-0239437A28E6}.SingleImage|Any CPU.ActiveCfg = Release|Any CPU
		{09A98EE0-898E-4498-BE4B-0239437A28E6}.SingleImage|Any CPU.Build.0 = Release|Any CPU
		{A661503B-6BC2-48ED-B9FC-8EB9794E2ACA}.CD_ROM|Any CPU.ActiveCfg = Release|Any CPU
		{A661503B-6BC2-48ED-B9FC-8EB9794E2ACA}.CD_ROM|Any CPU.Build.0 = Release|Any CPU
		{A661503B-6BC2-48ED-B9FC-8EB9794E2ACA}.Debug|Any CPU.ActiveCfg = Debug|Any CPU
		{A661503B-6BC2-48ED-B9FC-8EB9794E2ACA}.Debug|Any CPU.Build.0 = Debug|Any CPU
		{A661503B-6BC2-48ED-B9FC-8EB9794E2ACA}.DVD-5|Any CPU.ActiveCfg = Debug|Any CPU
		{A661503B-6BC2-48ED-B9FC-8EB9794E2ACA}.DVD-5|Any CPU.Build.0 = Debug|Any CPU
		{A661503B-6BC2-48ED-B9FC-8EB9794E2ACA}.Release|Any CPU.ActiveCfg = Release|Any CPU
		{A661503B-6BC2-48ED-B9FC-8EB9794E2ACA}.Release|Any CPU.Build.0 = Release|Any CPU
		{A661503B-6BC2-48ED-B9FC-8EB9794E2ACA}.SingleImage|Any CPU.ActiveCfg = Release|Any CPU
		{A661503B-6BC2-48ED-B9FC-8EB9794E2ACA}.SingleImage|Any CPU.Build.0 = Release|Any CPU
		{191A4BBA-FAD9-44F8-9648-A0B1F51D91EB}.CD_ROM|Any CPU.ActiveCfg = Release|Any CPU
		{191A4BBA-FAD9-44F8-9648-A0B1F51D91EB}.CD_ROM|Any CPU.Build.0 = Release|Any CPU
		{191A4BBA-FAD9-44F8-9648-A0B1F51D91EB}.Debug|Any CPU.ActiveCfg = Debug|Any CPU
		{191A4BBA-FAD9-44F8-9648-A0B1F51D91EB}.Debug|Any CPU.Build.0 = Debug|Any CPU
		{191A4BBA-FAD9-44F8-9648-A0B1F51D91EB}.DVD-5|Any CPU.ActiveCfg = Debug|Any CPU
		{191A4BBA-FAD9-44F8-9648-A0B1F51D91EB}.DVD-5|Any CPU.Build.0 = Debug|Any CPU
		{191A4BBA-FAD9-44F8-9648-A0B1F51D91EB}.Release|Any CPU.ActiveCfg = Release|Any CPU
		{191A4BBA-FAD9-44F8-9648-A0B1F51D91EB}.Release|Any CPU.Build.0 = Release|Any CPU
		{191A4BBA-FAD9-44F8-9648-A0B1F51D91EB}.SingleImage|Any CPU.ActiveCfg = Release|Any CPU
		{191A4BBA-FAD9-44F8-9648-A0B1F51D91EB}.SingleImage|Any CPU.Build.0 = Release|Any CPU
		{FFE117B2-F338-4874-B1CC-97227C6EE174}.CD_ROM|Any CPU.ActiveCfg = Release|Any CPU
		{FFE117B2-F338-4874-B1CC-97227C6EE174}.CD_ROM|Any CPU.Build.0 = Release|Any CPU
		{FFE117B2-F338-4874-B1CC-97227C6EE174}.Debug|Any CPU.ActiveCfg = Debug|Any CPU
		{FFE117B2-F338-4874-B1CC-97227C6EE174}.Debug|Any CPU.Build.0 = Debug|Any CPU
		{FFE117B2-F338-4874-B1CC-97227C6EE174}.DVD-5|Any CPU.ActiveCfg = Debug|Any CPU
		{FFE117B2-F338-4874-B1CC-97227C6EE174}.DVD-5|Any CPU.Build.0 = Debug|Any CPU
		{FFE117B2-F338-4874-B1CC-97227C6EE174}.Release|Any CPU.ActiveCfg = Release|Any CPU
		{FFE117B2-F338-4874-B1CC-97227C6EE174}.Release|Any CPU.Build.0 = Release|Any CPU
		{FFE117B2-F338-4874-B1CC-97227C6EE174}.SingleImage|Any CPU.ActiveCfg = Release|Any CPU
		{FFE117B2-F338-4874-B1CC-97227C6EE174}.SingleImage|Any CPU.Build.0 = Release|Any CPU
		{8E1CD672-D4C2-48B4-9691-B381385B7432}.CD_ROM|Any CPU.ActiveCfg = Release|Any CPU
		{8E1CD672-D4C2-48B4-9691-B381385B7432}.CD_ROM|Any CPU.Build.0 = Release|Any CPU
		{8E1CD672-D4C2-48B4-9691-B381385B7432}.Debug|Any CPU.ActiveCfg = Debug|Any CPU
		{8E1CD672-D4C2-48B4-9691-B381385B7432}.Debug|Any CPU.Build.0 = Debug|Any CPU
		{8E1CD672-D4C2-48B4-9691-B381385B7432}.DVD-5|Any CPU.ActiveCfg = Debug|Any CPU
		{8E1CD672-D4C2-48B4-9691-B381385B7432}.DVD-5|Any CPU.Build.0 = Debug|Any CPU
		{8E1CD672-D4C2-48B4-9691-B381385B7432}.Release|Any CPU.ActiveCfg = Release|Any CPU
		{8E1CD672-D4C2-48B4-9691-B381385B7432}.Release|Any CPU.Build.0 = Release|Any CPU
		{8E1CD672-D4C2-48B4-9691-B381385B7432}.SingleImage|Any CPU.ActiveCfg = Release|Any CPU
		{8E1CD672-D4C2-48B4-9691-B381385B7432}.SingleImage|Any CPU.Build.0 = Release|Any CPU
		{6250E71D-68EE-40C9-991D-CBBFBA48B222}.CD_ROM|Any CPU.ActiveCfg = Release|Any CPU
		{6250E71D-68EE-40C9-991D-CBBFBA48B222}.CD_ROM|Any CPU.Build.0 = Release|Any CPU
		{6250E71D-68EE-40C9-991D-CBBFBA48B222}.Debug|Any CPU.ActiveCfg = Debug|Any CPU
		{6250E71D-68EE-40C9-991D-CBBFBA48B222}.Debug|Any CPU.Build.0 = Debug|Any CPU
		{6250E71D-68EE-40C9-991D-CBBFBA48B222}.DVD-5|Any CPU.ActiveCfg = Debug|Any CPU
		{6250E71D-68EE-40C9-991D-CBBFBA48B222}.DVD-5|Any CPU.Build.0 = Debug|Any CPU
		{6250E71D-68EE-40C9-991D-CBBFBA48B222}.Release|Any CPU.ActiveCfg = Release|Any CPU
		{6250E71D-68EE-40C9-991D-CBBFBA48B222}.Release|Any CPU.Build.0 = Release|Any CPU
		{6250E71D-68EE-40C9-991D-CBBFBA48B222}.SingleImage|Any CPU.ActiveCfg = Release|Any CPU
		{6250E71D-68EE-40C9-991D-CBBFBA48B222}.SingleImage|Any CPU.Build.0 = Release|Any CPU
	EndGlobalSection
	GlobalSection(SolutionProperties) = preSolution
		HideSolutionNode = FALSE
	EndGlobalSection
EndGlobal
